// !$*UTF8*$!
{
	archiveVersion = 1;
	classes = {
	};
	objectVersion = 77;
	objects = {

/* Begin PBXBuildFile section */
		A50261272F24CF0E00FCE6E1 /* SwiftNothingEar in Frameworks */ = {isa = PBXBuildFile; productRef = A50261262F24CF0E00FCE6E1 /* SwiftNothingEar */; };
		A502612A2F24CF7E00FCE6E1 /* SwiftNothingEar in Frameworks */ = {isa = PBXBuildFile; productRef = A50261292F24CF7E00FCE6E1 /* SwiftNothingEar */; };
		A52A50912EF7E5A6009908D6 /* SwiftNothingEar in Frameworks */ = {isa = PBXBuildFile; productRef = A52A50902EF7E5A6009908D6 /* SwiftNothingEar */; };
		A53E4AC22E3BBA46003D6D2A /* SwiftNothingEar in Frameworks */ = {isa = PBXBuildFile; productRef = A53E4AC12E3BBA46003D6D2A /* SwiftNothingEar */; };
		A5521C862E96C01700AAB678 /* SwiftNothingEar in Frameworks */ = {isa = PBXBuildFile; productRef = A5521C852E96C01700AAB678 /* SwiftNothingEar */; };
		A561D1862E4CF190003F01E1 /* SwiftNothingEar in Frameworks */ = {isa = PBXBuildFile; productRef = A561D1852E4CF190003F01E1 /* SwiftNothingEar */; };
		A5652B8E2E4E65EF0013037B /* SwiftNothingEar in Frameworks */ = {isa = PBXBuildFile; productRef = A5652B8D2E4E65EF0013037B /* SwiftNothingEar */; };
		A5755DEE2F240CA500527021 /* SwiftNothingEar in Frameworks */ = {isa = PBXBuildFile; productRef = A5755DED2F240CA500527021 /* SwiftNothingEar */; };
		A5755DF82F24B33300527021 /* SwiftNothingEar in Frameworks */ = {isa = PBXBuildFile; productRef = A5755DF72F24B33300527021 /* SwiftNothingEar */; };
		A5755E002F24CADD00527021 /* SwiftNothingEar in Frameworks */ = {isa = PBXBuildFile; productRef = A5755DFF2F24CADD00527021 /* SwiftNothingEar */; };
		A5B386C12E884267005F3C89 /* SwiftNothingEar in Frameworks */ = {isa = PBXBuildFile; productRef = A5B386C02E884267005F3C89 /* SwiftNothingEar */; };
		A5D397A12EF2F8AE004B10E4 /* SwiftNothingEar in Frameworks */ = {isa = PBXBuildFile; productRef = A5D397A02EF2F8AE004B10E4 /* SwiftNothingEar */; };
		A6F1E6C12F8A7B1E00A1B2C3 /* Sparkle in Frameworks */ = {isa = PBXBuildFile; productRef = A6F1E6C22F8A7B1E00A1B2C3 /* Sparkle */; };
/* End PBXBuildFile section */

/* Begin PBXFileReference section */
		A53E4AB12E3BBA36003D6D2A /* NothingBar.app */ = {isa = PBXFileReference; explicitFileType = wrapper.application; includeInIndex = 0; path = NothingBar.app; sourceTree = BUILT_PRODUCTS_DIR; };
/* End PBXFileReference section */

/* Begin PBXFileSystemSynchronizedBuildFileExceptionSet section */
		A5E4C0C42F13C86A00C0EB4C /* Exceptions for "NothingBar" folder in "NothingBar" target */ = {
			isa = PBXFileSystemSynchronizedBuildFileExceptionSet;
			membershipExceptions = (
				Info.plist,
			);
			target = A53E4AB02E3BBA36003D6D2A /* NothingBar */;
		};
/* End PBXFileSystemSynchronizedBuildFileExceptionSet section */

/* Begin PBXFileSystemSynchronizedRootGroup section */
		A53E4AB32E3BBA36003D6D2A /* NothingBar */ = {
			isa = PBXFileSystemSynchronizedRootGroup;
			exceptions = (
				A5E4C0C42F13C86A00C0EB4C /* Exceptions for "NothingBar" folder in "NothingBar" target */,
			);
			path = NothingBar;
			sourceTree = "<group>";
		};
/* End PBXFileSystemSynchronizedRootGroup section */

/* Begin PBXFrameworksBuildPhase section */
		A53E4AAE2E3BBA36003D6D2A /* Frameworks */ = {
			isa = PBXFrameworksBuildPhase;
			buildActionMask = 2147483647;
			files = (
				A53E4AC22E3BBA46003D6D2A /* SwiftNothingEar in Frameworks */,
				A5521C862E96C01700AAB678 /* SwiftNothingEar in Frameworks */,
				A5652B8E2E4E65EF0013037B /* SwiftNothingEar in Frameworks */,
				A52A50912EF7E5A6009908D6 /* SwiftNothingEar in Frameworks */,
				A5755E002F24CADD00527021 /* SwiftNothingEar in Frameworks */,
				A5755DEE2F240CA500527021 /* SwiftNothingEar in Frameworks */,
				A5B386C12E884267005F3C89 /* SwiftNothingEar in Frameworks */,
				A50261272F24CF0E00FCE6E1 /* SwiftNothingEar in Frameworks */,
				A502612A2F24CF7E00FCE6E1 /* SwiftNothingEar in Frameworks */,
				A5D397A12EF2F8AE004B10E4 /* SwiftNothingEar in Frameworks */,
				A5755DF82F24B33300527021 /* SwiftNothingEar in Frameworks */,
				A561D1862E4CF190003F01E1 /* SwiftNothingEar in Frameworks */,
				A6F1E6C12F8A7B1E00A1B2C3 /* Sparkle in Frameworks */,
			);
			runOnlyForDeploymentPostprocessing = 0;
		};
/* End PBXFrameworksBuildPhase section */

/* Begin PBXGroup section */
		A53E4AA82E3BBA36003D6D2A = {
			isa = PBXGroup;
			children = (
				A53E4AB32E3BBA36003D6D2A /* NothingBar */,
				A53E4AB22E3BBA36003D6D2A /* Products */,
			);
			sourceTree = "<group>";
		};
		A53E4AB22E3BBA36003D6D2A /* Products */ = {
			isa = PBXGroup;
			children = (
				A53E4AB12E3BBA36003D6D2A /* NothingBar.app */,
			);
			name = Products;
			sourceTree = "<group>";
		};
/* End PBXGroup section */

/* Begin PBXNativeTarget section */
		A53E4AB02E3BBA36003D6D2A /* NothingBar */ = {
			isa = PBXNativeTarget;
			buildConfigurationList = A53E4ABD2E3BBA36003D6D2A /* Build configuration list for PBXNativeTarget "NothingBar" */;
			buildPhases = (
				A53E4AAD2E3BBA36003D6D2A /* Sources */,
				A53E4AAE2E3BBA36003D6D2A /* Frameworks */,
				A53E4AAF2E3BBA36003D6D2A /* Resources */,
			);
			buildRules = (
			);
			dependencies = (
			);
			fileSystemSynchronizedGroups = (
				A53E4AB32E3BBA36003D6D2A /* NothingBar */,
			);
			name = NothingBar;
			packageProductDependencies = (
				A53E4AC12E3BBA46003D6D2A /* SwiftNothingEar */,
				A561D1852E4CF190003F01E1 /* SwiftNothingEar */,
				A5652B8D2E4E65EF0013037B /* SwiftNothingEar */,
				A5B386C02E884267005F3C89 /* SwiftNothingEar */,
				A5521C852E96C01700AAB678 /* SwiftNothingEar */,
				A5D397A02EF2F8AE004B10E4 /* SwiftNothingEar */,
				A52A50902EF7E5A6009908D6 /* SwiftNothingEar */,
				A6F1E6C22F8A7B1E00A1B2C3 /* Sparkle */,
				A5755DED2F240CA500527021 /* SwiftNothingEar */,
				A5755DF72F24B33300527021 /* SwiftNothingEar */,
				A5755DFF2F24CADD00527021 /* SwiftNothingEar */,
				A50261262F24CF0E00FCE6E1 /* SwiftNothingEar */,
				A50261292F24CF7E00FCE6E1 /* SwiftNothingEar */,
			);
			productName = NothingBar;
			productReference = A53E4AB12E3BBA36003D6D2A /* NothingBar.app */;
			productType = "com.apple.product-type.application";
		};
/* End PBXNativeTarget section */

/* Begin PBXProject section */
		A53E4AA92E3BBA36003D6D2A /* Project object */ = {
			isa = PBXProject;
			attributes = {
				BuildIndependentTargetsInParallel = 1;
				LastSwiftUpdateCheck = 1640;
				LastUpgradeCheck = 1640;
				TargetAttributes = {
					A53E4AB02E3BBA36003D6D2A = {
						CreatedOnToolsVersion = 16.4;
					};
				};
			};
			buildConfigurationList = A53E4AAC2E3BBA36003D6D2A /* Build configuration list for PBXProject "NothingBar" */;
			developmentRegion = en;
			hasScannedForEncodings = 0;
			knownRegions = (
				en,
				Base,
			);
			mainGroup = A53E4AA82E3BBA36003D6D2A;
			minimizedProjectReferenceProxies = 1;
			packageReferences = (
				A6F1E6C32F8A7B1E00A1B2C3 /* XCRemoteSwiftPackageReference "Sparkle" */,
				A50261282F24CF7E00FCE6E1 /* XCRemoteSwiftPackageReference "swift-nothing-ear" */,
			);
			preferredProjectObjectVersion = 77;
			productRefGroup = A53E4AB22E3BBA36003D6D2A /* Products */;
			projectDirPath = "";
			projectRoot = "";
			targets = (
				A53E4AB02E3BBA36003D6D2A /* NothingBar */,
			);
		};
/* End PBXProject section */

/* Begin PBXResourcesBuildPhase section */
		A53E4AAF2E3BBA36003D6D2A /* Resources */ = {
			isa = PBXResourcesBuildPhase;
			buildActionMask = 2147483647;
			files = (
			);
			runOnlyForDeploymentPostprocessing = 0;
		};
/* End PBXResourcesBuildPhase section */

/* Begin PBXSourcesBuildPhase section */
		A53E4AAD2E3BBA36003D6D2A /* Sources */ = {
			isa = PBXSourcesBuildPhase;
			buildActionMask = 2147483647;
			files = (
			);
			runOnlyForDeploymentPostprocessing = 0;
		};
/* End PBXSourcesBuildPhase section */

/* Begin XCBuildConfiguration section */
		A53E4ABB2E3BBA36003D6D2A /* Debug */ = {
			isa = XCBuildConfiguration;
			buildSettings = {
				ALWAYS_SEARCH_USER_PATHS = NO;
				ASSETCATALOG_COMPILER_GENERATE_SWIFT_ASSET_SYMBOL_EXTENSIONS = YES;
				CLANG_ANALYZER_NONNULL = YES;
				CLANG_ANALYZER_NUMBER_OBJECT_CONVERSION = YES_AGGRESSIVE;
				CLANG_CXX_LANGUAGE_STANDARD = "gnu++20";
				CLANG_ENABLE_MODULES = YES;
				CLANG_ENABLE_OBJC_ARC = YES;
				CLANG_ENABLE_OBJC_WEAK = YES;
				CLANG_WARN_BLOCK_CAPTURE_AUTORELEASING = YES;
				CLANG_WARN_BOOL_CONVERSION = YES;
				CLANG_WARN_COMMA = YES;
				CLANG_WARN_CONSTANT_CONVERSION = YES;
				CLANG_WARN_DEPRECATED_OBJC_IMPLEMENTATIONS = YES;
				CLANG_WARN_DIRECT_OBJC_ISA_USAGE = YES_ERROR;
				CLANG_WARN_DOCUMENTATION_COMMENTS = YES;
				CLANG_WARN_EMPTY_BODY = YES;
				CLANG_WARN_ENUM_CONVERSION = YES;
				CLANG_WARN_INFINITE_RECURSION = YES;
				CLANG_WARN_INT_CONVERSION = YES;
				CLANG_WARN_NON_LITERAL_NULL_CONVERSION = YES;
				CLANG_WARN_OBJC_IMPLICIT_RETAIN_SELF = YES;
				CLANG_WARN_OBJC_LITERAL_CONVERSION = YES;
				CLANG_WARN_OBJC_ROOT_CLASS = YES_ERROR;
				CLANG_WARN_QUOTED_INCLUDE_IN_FRAMEWORK_HEADER = YES;
				CLANG_WARN_RANGE_LOOP_ANALYSIS = YES;
				CLANG_WARN_STRICT_PROTOTYPES = YES;
				CLANG_WARN_SUSPICIOUS_MOVE = YES;
				CLANG_WARN_UNGUARDED_AVAILABILITY = YES_AGGRESSIVE;
				CLANG_WARN_UNREACHABLE_CODE = YES;
				CLANG_WARN__DUPLICATE_METHOD_MATCH = YES;
				COPY_PHASE_STRIP = NO;
				DEBUG_INFORMATION_FORMAT = dwarf;
				ENABLE_STRICT_OBJC_MSGSEND = YES;
				ENABLE_TESTABILITY = YES;
				ENABLE_USER_SCRIPT_SANDBOXING = YES;
				GCC_C_LANGUAGE_STANDARD = gnu17;
				GCC_DYNAMIC_NO_PIC = NO;
				GCC_NO_COMMON_BLOCKS = YES;
				GCC_OPTIMIZATION_LEVEL = 0;
				GCC_PREPROCESSOR_DEFINITIONS = (
					"DEBUG=1",
					"$(inherited)",
				);
				GCC_WARN_64_TO_32_BIT_CONVERSION = YES;
				GCC_WARN_ABOUT_RETURN_TYPE = YES_ERROR;
				GCC_WARN_UNDECLARED_SELECTOR = YES;
				GCC_WARN_UNINITIALIZED_AUTOS = YES_AGGRESSIVE;
				GCC_WARN_UNUSED_FUNCTION = YES;
				GCC_WARN_UNUSED_VARIABLE = YES;
				LOCALIZATION_PREFERS_STRING_CATALOGS = YES;
				MACOSX_DEPLOYMENT_TARGET = 15.5;
				MTL_ENABLE_DEBUG_INFO = INCLUDE_SOURCE;
				MTL_FAST_MATH = YES;
				ONLY_ACTIVE_ARCH = YES;
				SDKROOT = macosx;
				SWIFT_ACTIVE_COMPILATION_CONDITIONS = "DEBUG $(inherited)";
				SWIFT_OPTIMIZATION_LEVEL = "-Onone";
			};
			name = Debug;
		};
		A53E4ABC2E3BBA36003D6D2A /* Release */ = {
			isa = XCBuildConfiguration;
			buildSettings = {
				ALWAYS_SEARCH_USER_PATHS = NO;
				ASSETCATALOG_COMPILER_GENERATE_SWIFT_ASSET_SYMBOL_EXTENSIONS = YES;
				CLANG_ANALYZER_NONNULL = YES;
				CLANG_ANALYZER_NUMBER_OBJECT_CONVERSION = YES_AGGRESSIVE;
				CLANG_CXX_LANGUAGE_STANDARD = "gnu++20";
				CLANG_ENABLE_MODULES = YES;
				CLANG_ENABLE_OBJC_ARC = YES;
				CLANG_ENABLE_OBJC_WEAK = YES;
				CLANG_WARN_BLOCK_CAPTURE_AUTORELEASING = YES;
				CLANG_WARN_BOOL_CONVERSION = YES;
				CLANG_WARN_COMMA = YES;
				CLANG_WARN_CONSTANT_CONVERSION = YES;
				CLANG_WARN_DEPRECATED_OBJC_IMPLEMENTATIONS = YES;
				CLANG_WARN_DIRECT_OBJC_ISA_USAGE = YES_ERROR;
				CLANG_WARN_DOCUMENTATION_COMMENTS = YES;
				CLANG_WARN_EMPTY_BODY = YES;
				CLANG_WARN_ENUM_CONVERSION = YES;
				CLANG_WARN_INFINITE_RECURSION = YES;
				CLANG_WARN_INT_CONVERSION = YES;
				CLANG_WARN_NON_LITERAL_NULL_CONVERSION = YES;
				CLANG_WARN_OBJC_IMPLICIT_RETAIN_SELF = YES;
				CLANG_WARN_OBJC_LITERAL_CONVERSION = YES;
				CLANG_WARN_OBJC_ROOT_CLASS = YES_ERROR;
				CLANG_WARN_QUOTED_INCLUDE_IN_FRAMEWORK_HEADER = YES;
				CLANG_WARN_RANGE_LOOP_ANALYSIS = YES;
				CLANG_WARN_STRICT_PROTOTYPES = YES;
				CLANG_WARN_SUSPICIOUS_MOVE = YES;
				CLANG_WARN_UNGUARDED_AVAILABILITY = YES_AGGRESSIVE;
				CLANG_WARN_UNREACHABLE_CODE = YES;
				CLANG_WARN__DUPLICATE_METHOD_MATCH = YES;
				COPY_PHASE_STRIP = NO;
				DEBUG_INFORMATION_FORMAT = "dwarf-with-dsym";
				ENABLE_NS_ASSERTIONS = NO;
				ENABLE_STRICT_OBJC_MSGSEND = YES;
				ENABLE_USER_SCRIPT_SANDBOXING = YES;
				GCC_C_LANGUAGE_STANDARD = gnu17;
				GCC_NO_COMMON_BLOCKS = YES;
				GCC_WARN_64_TO_32_BIT_CONVERSION = YES;
				GCC_WARN_ABOUT_RETURN_TYPE = YES_ERROR;
				GCC_WARN_UNDECLARED_SELECTOR = YES;
				GCC_WARN_UNINITIALIZED_AUTOS = YES_AGGRESSIVE;
				GCC_WARN_UNUSED_FUNCTION = YES;
				GCC_WARN_UNUSED_VARIABLE = YES;
				LOCALIZATION_PREFERS_STRING_CATALOGS = YES;
				MACOSX_DEPLOYMENT_TARGET = 15.5;
				MTL_ENABLE_DEBUG_INFO = NO;
				MTL_FAST_MATH = YES;
				SDKROOT = macosx;
				SWIFT_COMPILATION_MODE = wholemodule;
			};
			name = Release;
		};
		A53E4ABE2E3BBA36003D6D2A /* Debug */ = {
			isa = XCBuildConfiguration;
			buildSettings = {
				ASSETCATALOG_COMPILER_APPICON_NAME = NothingBar;
				ASSETCATALOG_COMPILER_GLOBAL_ACCENT_COLOR_NAME = AccentColor;
				ASSETCATALOG_COMPILER_INCLUDE_ALL_APPICON_ASSETS = YES;
				AUTOMATION_APPLE_EVENTS = NO;
				CODE_SIGN_ENTITLEMENTS = NothingBar/NothingBar.entitlements;
				CODE_SIGN_IDENTITY = "Apple Development";
				"CODE_SIGN_IDENTITY[sdk=macosx*]" = "Apple Development";
				CODE_SIGN_STYLE = Automatic;
				COMBINE_HIDPI_IMAGES = YES;
				CURRENT_PROJECT_VERSION = 17;
				DEVELOPMENT_TEAM = CT884K7983;
				ENABLE_HARDENED_RUNTIME = YES;
				ENABLE_PREVIEWS = YES;
				ENABLE_RESOURCE_ACCESS_AUDIO_INPUT = NO;
				ENABLE_RESOURCE_ACCESS_CALENDARS = NO;
				ENABLE_RESOURCE_ACCESS_CAMERA = NO;
				ENABLE_RESOURCE_ACCESS_CONTACTS = NO;
				ENABLE_RESOURCE_ACCESS_LOCATION = NO;
				ENABLE_RESOURCE_ACCESS_PHOTO_LIBRARY = NO;
				GENERATE_INFOPLIST_FILE = YES;
				INFOPLIST_FILE = NothingBar/Info.plist;
				INFOPLIST_KEY_CFBundleDisplayName = NothingBar;
				INFOPLIST_KEY_LSApplicationCategoryType = "public.app-category.utilities";
				INFOPLIST_KEY_LSUIElement = YES;
				INFOPLIST_KEY_NSBluetoothAlwaysUsageDescription = "The app requires Bluetooth to connect to Nothing earbuds";
				INFOPLIST_KEY_NSBluetoothPeripheralUsageDescription = "The app requires Bluetooth to connect to Nothing earbuds";
				INFOPLIST_KEY_NSHumanReadableCopyright = "";
				LD_RUNPATH_SEARCH_PATHS = (
					"$(inherited)",
					"@executable_path/../Frameworks",
				);
				MACOSX_DEPLOYMENT_TARGET = 15.0;
				MARKETING_VERSION = 2.4.0;
				PRODUCT_BUNDLE_IDENTIFIER = com.bestk1ng.NothingBar;
				PRODUCT_NAME = "$(TARGET_NAME)";
				PROVISIONING_PROFILE_SPECIFIER = "";
				REGISTER_APP_GROUPS = YES;
				RUNTIME_EXCEPTION_ALLOW_DYLD_ENVIRONMENT_VARIABLES = NO;
				RUNTIME_EXCEPTION_ALLOW_JIT = NO;
				RUNTIME_EXCEPTION_ALLOW_UNSIGNED_EXECUTABLE_MEMORY = NO;
				RUNTIME_EXCEPTION_DEBUGGING_TOOL = NO;
				RUNTIME_EXCEPTION_DISABLE_EXECUTABLE_PAGE_PROTECTION = NO;
				RUNTIME_EXCEPTION_DISABLE_LIBRARY_VALIDATION = NO;
				SWIFT_EMIT_LOC_STRINGS = YES;
				SWIFT_VERSION = 5.0;
			};
			name = Debug;
		};
		A53E4ABF2E3BBA36003D6D2A /* Release */ = {
			isa = XCBuildConfiguration;
			buildSettings = {
				ASSETCATALOG_COMPILER_APPICON_NAME = NothingBar;
				ASSETCATALOG_COMPILER_GLOBAL_ACCENT_COLOR_NAME = AccentColor;
				ASSETCATALOG_COMPILER_INCLUDE_ALL_APPICON_ASSETS = YES;
				AUTOMATION_APPLE_EVENTS = NO;
				CODE_SIGN_ENTITLEMENTS = NothingBar/NothingBar.entitlements;
				CODE_SIGN_IDENTITY = "Apple Development";
				"CODE_SIGN_IDENTITY[sdk=macosx*]" = "Apple Development";
				CODE_SIGN_STYLE = Automatic;
				COMBINE_HIDPI_IMAGES = YES;
				CURRENT_PROJECT_VERSION = 17;
				DEVELOPMENT_TEAM = CT884K7983;
				ENABLE_APP_SANDBOX = NO;
				ENABLE_HARDENED_RUNTIME = YES;
				ENABLE_PREVIEWS = YES;
				ENABLE_RESOURCE_ACCESS_AUDIO_INPUT = NO;
				ENABLE_RESOURCE_ACCESS_CALENDARS = NO;
				ENABLE_RESOURCE_ACCESS_CAMERA = NO;
				ENABLE_RESOURCE_ACCESS_CONTACTS = NO;
				ENABLE_RESOURCE_ACCESS_LOCATION = NO;
				ENABLE_RESOURCE_ACCESS_PHOTO_LIBRARY = NO;
				GENERATE_INFOPLIST_FILE = YES;
				INFOPLIST_FILE = NothingBar/Info.plist;
				INFOPLIST_KEY_CFBundleDisplayName = NothingBar;
				INFOPLIST_KEY_LSApplicationCategoryType = "public.app-category.utilities";
				INFOPLIST_KEY_LSUIElement = YES;
				INFOPLIST_KEY_NSBluetoothAlwaysUsageDescription = "The app requires Bluetooth to connect to Nothing earbuds";
				INFOPLIST_KEY_NSBluetoothPeripheralUsageDescription = "The app requires Bluetooth to connect to Nothing earbuds";
				INFOPLIST_KEY_NSHumanReadableCopyright = "";
				LD_RUNPATH_SEARCH_PATHS = (
					"$(inherited)",
					"@executable_path/../Frameworks",
				);
				MACOSX_DEPLOYMENT_TARGET = 15.0;
				MARKETING_VERSION = 2.4.0;
				PRODUCT_BUNDLE_IDENTIFIER = com.bestk1ng.NothingBar;
				PRODUCT_NAME = "$(TARGET_NAME)";
				PROVISIONING_PROFILE_SPECIFIER = "";
				REGISTER_APP_GROUPS = YES;
				RUNTIME_EXCEPTION_ALLOW_DYLD_ENVIRONMENT_VARIABLES = NO;
				RUNTIME_EXCEPTION_ALLOW_JIT = NO;
				RUNTIME_EXCEPTION_ALLOW_UNSIGNED_EXECUTABLE_MEMORY = NO;
				RUNTIME_EXCEPTION_DEBUGGING_TOOL = NO;
				RUNTIME_EXCEPTION_DISABLE_EXECUTABLE_PAGE_PROTECTION = NO;
				RUNTIME_EXCEPTION_DISABLE_LIBRARY_VALIDATION = NO;
				SWIFT_EMIT_LOC_STRINGS = YES;
				SWIFT_VERSION = 5.0;
			};
			name = Release;
		};
/* End XCBuildConfiguration section */

/* Begin XCConfigurationList section */
		A53E4AAC2E3BBA36003D6D2A /* Build configuration list for PBXProject "NothingBar" */ = {
			isa = XCConfigurationList;
			buildConfigurations = (
				A53E4ABB2E3BBA36003D6D2A /* Debug */,
				A53E4ABC2E3BBA36003D6D2A /* Release */,
			);
			defaultConfigurationIsVisible = 0;
			defaultConfigurationName = Release;
		};
		A53E4ABD2E3BBA36003D6D2A /* Build configuration list for PBXNativeTarget "NothingBar" */ = {
			isa = XCConfigurationList;
			buildConfigurations = (
				A53E4ABE2E3BBA36003D6D2A /* Debug */,
				A53E4ABF2E3BBA36003D6D2A /* Release */,
			);
			defaultConfigurationIsVisible = 0;
			defaultConfigurationName = Release;
		};
/* End XCConfigurationList section */

/* Begin XCRemoteSwiftPackageReference section */
		A50261282F24CF7E00FCE6E1 /* XCRemoteSwiftPackageReference "swift-nothing-ear" */ = {
			isa = XCRemoteSwiftPackageReference;
			repositoryURL = "https://github.com/bestK1ngArthur/swift-nothing-ear.git";
			requirement = {
				kind = upToNextMajorVersion;
				minimumVersion = 1.6.0;
			};
		};
		A6F1E6C32F8A7B1E00A1B2C3 /* XCRemoteSwiftPackageReference "Sparkle" */ = {
			isa = XCRemoteSwiftPackageReference;
			repositoryURL = "https://github.com/sparkle-project/Sparkle";
			requirement = {
				kind = upToNextMajorVersion;
				minimumVersion = 2.8.1;
			};
		};
/* End XCRemoteSwiftPackageReference section */

/* Begin XCSwiftPackageProductDependency section */
		A50261262F24CF0E00FCE6E1 /* SwiftNothingEar */ = {
			isa = XCSwiftPackageProductDependency;
			productName = SwiftNothingEar;
		};
		A50261292F24CF7E00FCE6E1 /* SwiftNothingEar */ = {
			isa = XCSwiftPackageProductDependency;
			package = A50261282F24CF7E00FCE6E1 /* XCRemoteSwiftPackageReference "swift-nothing-ear" */;
			productName = SwiftNothingEar;
		};
		A52A50902EF7E5A6009908D6 /* SwiftNothingEar */ = {
			isa = XCSwiftPackageProductDependency;
			productName = SwiftNothingEar;
		};
		A53E4AC12E3BBA46003D6D2A /* SwiftNothingEar */ = {
			isa = XCSwiftPackageProductDependency;
			productName = SwiftNothingEar;
		};
		A5521C852E96C01700AAB678 /* SwiftNothingEar */ = {
			isa = XCSwiftPackageProductDependency;
			productName = SwiftNothingEar;
		};
		A561D1852E4CF190003F01E1 /* SwiftNothingEar */ = {
			isa = XCSwiftPackageProductDependency;
			productName = SwiftNothingEar;
		};
		A5652B8D2E4E65EF0013037B /* SwiftNothingEar */ = {
			isa = XCSwiftPackageProductDependency;
			productName = SwiftNothingEar;
		};
		A5755DED2F240CA500527021 /* SwiftNothingEar */ = {
			isa = XCSwiftPackageProductDependency;
			productName = SwiftNothingEar;
		};
		A5755DF72F24B33300527021 /* SwiftNothingEar */ = {
			isa = XCSwiftPackageProductDependency;
			productName = SwiftNothingEar;
		};
		A5755DFF2F24CADD00527021 /* SwiftNothingEar */ = {
			isa = XCSwiftPackageProductDependency;
			productName = SwiftNothingEar;
		};
		A5B386C02E884267005F3C89 /* SwiftNothingEar */ = {
			isa = XCSwiftPackageProductDependency;
			productName = SwiftNothingEar;
		};
		A5D397A02EF2F8AE004B10E4 /* SwiftNothingEar */ = {
			isa = XCSwiftPackageProductDependency;
			productName = SwiftNothingEar;
		};
		A6F1E6C22F8A7B1E00A1B2C3 /* Sparkle */ = {
			isa = XCSwiftPackageProductDependency;
			package = A6F1E6C32F8A7B1E00A1B2C3 /* XCRemoteSwiftPackageReference "Sparkle" */;
			productName = Sparkle;
		};
/* End XCSwiftPackageProductDependency section */
	};
	rootObject = A53E4AA92E3BBA36003D6D2A /* Project object */;
}
