{
  "originHash" : "19f67f97e13e8f91e9ceb29330ffd0bfbc3cfe5ae31a8aeddce38482d56624dc",
  "pins" : [
    {
      "identity" : "sparkle",
      "kind" : "remoteSourceControl",
      "location" : "https://github.com/sparkle-project/Sparkle",
      "state" : {
        "revision" : "066e75a8b3e99962685d6a90cdd5293ebffd9261",
        "version" : "2.9.1"
      }
    },
    {
      "identity" : "swift-nothing-ear",
      "kind" : "remoteSourceControl",
      "location" : "https://github.com/greeenos/swift-nothing-ear",
      "state" : {
        "branch" : "feature/gesture-callbacks",
        "revision" : "97e35d6346aefd4b4fece11c2c477fbb1e24dce2"
      }
    },
    {
      "identity" : "swift-perception",
      "kind" : "remoteSourceControl",
      "location" : "https://github.com/pointfreeco/swift-perception",
      "state" : {
        "revision" : "25ac73741c3436605d61eceb5207e896973918e7",
        "version" : "2.0.10"
      }
    },
    {
      "identity" : "swift-syntax",
      "kind" : "remoteSourceControl",
      "location" : "https://github.com/swiftlang/swift-syntax",
      "state" : {
        "revision" : "2b59c0c741e9184ab057fd22950b491076d42e91",
        "version" : "603.0.0"
      }
    },
    {
      "identity" : "xctest-dynamic-overlay",
      "kind" : "remoteSourceControl",
      "location" : "https://github.com/pointfreeco/xctest-dynamic-overlay",
      "state" : {
        "revision" : "dfd70507def84cb5fb821278448a262c6ff2bbad",
        "version" : "1.9.0"
      }
    }
  ],
  "version" : 3
}
