{
  "originHash" : "d0d8a94bd844cf7314a3f112942217b2c0896f9f46fe638e2f86edf408609e17",
  "pins" : [
    {
      "identity" : "swift-nothing-ear",
      "kind" : "remoteSourceControl",
      "location" : "https://github.com/bestK1ngArthur/swift-nothing-ear.git",
      "state" : {
        "revision" : "b4cf9db46c2d195dbe81440dba037cf53f1d6383",
        "version" : "1.0.1"
      }
    }
  ],
  "version" : 3
}
