{
  "originHash" : "b29c2e5eb485fa7638f57e34a2672d3ef5d4333496a54cc37d01de34a6435939",
  "pins" : [
    {
      "identity" : "appupdater",
      "kind" : "remoteSourceControl",
      "location" : "https://github.com/s1ntoneli/AppUpdater.git",
      "state" : {
        "revision" : "0f280e4ecf2792f9be4bf4cbab76307d78024b3f",
        "version" : "2.0.0"
      }
    },
    {
      "identity" : "path.swift",
      "kind" : "remoteSourceControl",
      "location" : "https://github.com/mxcl/Path.swift.git",
      "state" : {
        "revision" : "8e355c28e9393c42e58b18c54cace2c42c98a616",
        "version" : "1.4.1"
      }
    },
    {
      "identity" : "swift-nothing-ear",
      "kind" : "remoteSourceControl",
      "location" : "https://github.com/bestK1ngArthur/swift-nothing-ear.git",
      "state" : {
        "revision" : "d8cab97a147f6806f2e3738bd44e01b76c41fde5",
        "version" : "1.1.0"
      }
    },
    {
      "identity" : "version",
      "kind" : "remoteSourceControl",
      "location" : "https://github.com/mxcl/Version.git",
      "state" : {
        "revision" : "67ce582bb9de70e1eb2ee41fd71aad3b5f86d97b",
        "version" : "2.2.0"
      }
    }
  ],
  "version" : 3
}
